
Microsoft Visual Studio Solution File, Format Version 12.00
# Visual Studio 15
VisualStudioVersion = 15.0.28010.2050
MinimumVisualStudioVersion = 10.0.40219.1
Project("{8BC9CEB8-8B4A-11D0-8D11-00A0C91BC942}") = "SEE554-Proj4", "SEE554-Proj4\SEE554-Proj4.vcxproj", "{5BDA6425-757F-4CE8-8F16-A238A064E37D}"
EndProject
Project("{8BC9CEB8-8B4A-11D0-8D11-00A0C91BC942}") = "Proj4Test", "Proj4Test\Proj4Test.vcxproj", "{97B4CA4B-6DF9-4F8B-8FF7-478609132464}"
EndProject
Global
	GlobalSection(SolutionConfigurationPlatforms) = preSolution
		Debug|x64 = Debug|x64
		Debug|x86 = Debug|x86
		Release|x64 = Release|x64
		Release|x86 = Release|x86
	EndGlobalSection
	GlobalSection(ProjectConfigurationPlatforms) = postSolution
		{5BDA6425-757F-4CE8-8F16-A238A064E37D}.Debug|x64.ActiveCfg = Debug|x64
		{5BDA6425-757F-4CE8-8F16-A238A064E37D}.Debug|x64.Build.0 = Debug|x64
		{5BDA6425-757F-4CE8-8F16-A238A064E37D}.Debug|x86.ActiveCfg = Debug|Win32
		{5BDA6425-757F-4CE8-8F16-A238A064E37D}.Debug|x86.Build.0 = Debug|Win32
		{5BDA6425-757F-4CE8-8F16-A238A064E37D}.Release|x64.ActiveCfg = Release|x64
		{5BDA6425-757F-4CE8-8F16-A238A064E37D}.Release|x64.Build.0 = Release|x64
		{5BDA6425-757F-4CE8-8F16-A238A064E37D}.Release|x86.ActiveCfg = Release|Win32
		{5BDA6425-757F-4CE8-8F16-A238A064E37D}.Release|x86.Build.0 = Release|Win32
		{97B4CA4B-6DF9-4F8B-8FF7-478609132464}.Debug|x64.ActiveCfg = Debug|x64
		{97B4CA4B-6DF9-4F8B-8FF7-478609132464}.Debug|x64.Build.0 = Debug|x64
		{97B4CA4B-6DF9-4F8B-8FF7-478609132464}.Debug|x86.ActiveCfg = Debug|Win32
		{97B4CA4B-6DF9-4F8B-8FF7-478609132464}.Debug|x86.Build.0 = Debug|Win32
		{97B4CA4B-6DF9-4F8B-8FF7-478609132464}.Release|x64.ActiveCfg = Release|x64
		{97B4CA4B-6DF9-4F8B-8FF7-478609132464}.Release|x64.Build.0 = Release|x64
		{97B4CA4B-6DF9-4F8B-8FF7-478609132464}.Release|x86.ActiveCfg = Release|Win32
		{97B4CA4B-6DF9-4F8B-8FF7-478609132464}.Release|x86.Build.0 = Release|Win32
	EndGlobalSection
	GlobalSection(SolutionProperties) = preSolution
		HideSolutionNode = FALSE
	EndGlobalSection
	GlobalSection(ExtensibilityGlobals) = postSolution
		SolutionGuid = {DAAA4D5C-5199-4420-8A02-861DA3BAECEE}
	EndGlobalSection
EndGlobal
